// !$*UTF8*$!
{
	archiveVersion = 1;
	classes = {
	};
	objectVersion = 56;
	objects = {

/* Begin PBXBuildFile section */
		D714F65C2957EF3A00853B11 /* AppDelegate.swift in Sources */ = {isa = PBXBuildFile; fileRef = D714F65B2957EF3A00853B11 /* AppDelegate.swift */; };
		D714F65E2957EF3A00853B11 /* SceneDelegate.swift in Sources */ = {isa = PBXBuildFile; fileRef = D714F65D2957EF3A00853B11 /* SceneDelegate.swift */; };
		D714F6602957EF3A00853B11 /* ViewController.swift in Sources */ = {isa = PBXBuildFile; fileRef = D714F65F2957EF3A00853B11 /* ViewController.swift */; };
		D714F6652957EF3B00853B11 /* Assets.xcassets in Resources */ = {isa = PBXBuildFile; fileRef = D714F6642957EF3B00853B11 /* Assets.xcassets */; };
		D714F6682957EF3B00853B11 /* LaunchScreen.storyboard in Resources */ = {isa = PBXBuildFile; fileRef = D714F6662957EF3B00853B11 /* LaunchScreen.storyboard */; };
		D714F6712957F3A900853B11 /* ChineseChessDivination.framework in Frameworks */ = {isa = PBXBuildFile; fileRef = D714F6702957F3A900853B11 /* ChineseChessDivination.framework */; };
		D714F6722957F3A900853B11 /* ChineseChessDivination.framework in Embed Frameworks */ = {isa = PBXBuildFile; fileRef = D714F6702957F3A900853B11 /* ChineseChessDivination.framework */; settings = {ATTRIBUTES = (CodeSignOnCopy, RemoveHeadersOnCopy, ); }; };
/* End PBXBuildFile section */

/* Begin PBXCopyFilesBuildPhase section */
		D714F6732957F3A900853B11 /* Embed Frameworks */ = {
			isa = PBXCopyFilesBuildPhase;
			buildActionMask = 2147483647;
			dstPath = "";
			dstSubfolderSpec = 10;
			files = (
				D714F6722957F3A900853B11 /* ChineseChessDivination.framework in Embed Frameworks */,
			);
			name = "Embed Frameworks";
			runOnlyForDeploymentPostprocessing = 0;
		};
/* End PBXCopyFilesBuildPhase section */

/* Begin PBXFileReference section */
		D714F6582957EF3A00853B11 /* ChineseChessDivinationApp.app */ = {isa = PBXFileReference; explicitFileType = wrapper.application; includeInIndex = 0; path = ChineseChessDivinationApp.app; sourceTree = BUILT_PRODUCTS_DIR; };
		D714F65B2957EF3A00853B11 /* AppDelegate.swift */ = {isa = PBXFileReference; lastKnownFileType = sourcecode.swift; path = AppDelegate.swift; sourceTree = "<group>"; };
		D714F65D2957EF3A00853B11 /* SceneDelegate.swift */ = {isa = PBXFileReference; lastKnownFileType = sourcecode.swift; path = SceneDelegate.swift; sourceTree = "<group>"; };
		D714F65F2957EF3A00853B11 /* ViewController.swift */ = {isa = PBXFileReference; lastKnownFileType = sourcecode.swift; path = ViewController.swift; sourceTree = "<group>"; };
		D714F6642957EF3B00853B11 /* Assets.xcassets */ = {isa = PBXFileReference; lastKnownFileType = folder.assetcatalog; path = Assets.xcassets; sourceTree = "<group>"; };
		D714F6672957EF3B00853B11 /* Base */ = {isa = PBXFileReference; lastKnownFileType = file.storyboard; name = Base; path = Base.lproj/LaunchScreen.storyboard; sourceTree = "<group>"; };
		D714F6692957EF3B00853B11 /* Info.plist */ = {isa = PBXFileReference; lastKnownFileType = text.plist.xml; path = Info.plist; sourceTree = "<group>"; };
		D714F6702957F3A900853B11 /* ChineseChessDivination.framework */ = {isa = PBXFileReference; explicitFileType = wrapper.framework; path = ChineseChessDivination.framework; sourceTree = BUILT_PRODUCTS_DIR; };
/* End PBXFileReference section */

/* Begin PBXFrameworksBuildPhase section */
		D714F6552957EF3A00853B11 /* Frameworks */ = {
			isa = PBXFrameworksBuildPhase;
			buildActionMask = 2147483647;
			files = (
				D714F6712957F3A900853B11 /* ChineseChessDivination.framework in Frameworks */,
			);
			runOnlyForDeploymentPostprocessing = 0;
		};
/* End PBXFrameworksBuildPhase section */

/* Begin PBXGroup section */
		D714F64F2957EF3A00853B11 = {
			isa = PBXGroup;
			children = (
				D714F65A2957EF3A00853B11 /* ChineseChessDivinationApp */,
				D714F6592957EF3A00853B11 /* Products */,
				D714F66F2957F3A900853B11 /* Frameworks */,
			);
			sourceTree = "<group>";
		};
		D714F6592957EF3A00853B11 /* Products */ = {
			isa = PBXGroup;
			children = (
				D714F6582957EF3A00853B11 /* ChineseChessDivinationApp.app */,
			);
			name = Products;
			sourceTree = "<group>";
		};
		D714F65A2957EF3A00853B11 /* ChineseChessDivinationApp */ = {
			isa = PBXGroup;
			children = (
				D714F65B2957EF3A00853B11 /* AppDelegate.swift */,
				D714F65D2957EF3A00853B11 /* SceneDelegate.swift */,
				D714F65F2957EF3A00853B11 /* ViewController.swift */,
				D714F6642957EF3B00853B11 /* Assets.xcassets */,
				D714F6662957EF3B00853B11 /* LaunchScreen.storyboard */,
				D714F6692957EF3B00853B11 /* Info.plist */,
			);
			path = ChineseChessDivinationApp;
			sourceTree = "<group>";
		};
		D714F66F2957F3A900853B11 /* Frameworks */ = {
			isa = PBXGroup;
			children = (
				D714F6702957F3A900853B11 /* ChineseChessDivination.framework */,
			);
			name = Frameworks;
			sourceTree = "<group>";
		};
/* End PBXGroup section */

/* Begin PBXNativeTarget section */
		D714F6572957EF3A00853B11 /* ChineseChessDivinationApp */ = {
			isa = PBXNativeTarget;
			buildConfigurationList = D714F66C2957EF3B00853B11 /* Build configuration list for PBXNativeTarget "ChineseChessDivinationApp" */;
			buildPhases = (
				D714F6542957EF3A00853B11 /* Sources */,
				D714F6552957EF3A00853B11 /* Frameworks */,
				D714F6562957EF3A00853B11 /* Resources */,
				D714F6732957F3A900853B11 /* Embed Frameworks */,
			);
			buildRules = (
			);
			dependencies = (
			);
			name = ChineseChessDivinationApp;
			productName = ChineseChessDivinationApp;
			productReference = D714F6582957EF3A00853B11 /* ChineseChessDivinationApp.app */;
			productType = "com.apple.product-type.application";
		};
/* End PBXNativeTarget section */

/* Begin PBXProject section */
		D714F6502957EF3A00853B11 /* Project object */ = {
			isa = PBXProject;
			attributes = {
				BuildIndependentTargetsInParallel = 1;
				LastSwiftUpdateCheck = 1400;
				LastUpgradeCheck = 1400;
				TargetAttributes = {
					D714F6572957EF3A00853B11 = {
						CreatedOnToolsVersion = 14.0;
					};
				};
			};
			buildConfigurationList = D714F6532957EF3A00853B11 /* Build configuration list for PBXProject "ChineseChessDivinationApp" */;
			compatibilityVersion = "Xcode 14.0";
			developmentRegion = en;
			hasScannedForEncodings = 0;
			knownRegions = (
				en,
				Base,
			);
			mainGroup = D714F64F2957EF3A00853B11;
			productRefGroup = D714F6592957EF3A00853B11 /* Products */;
			projectDirPath = "";
			projectRoot = "";
			targets = (
				D714F6572957EF3A00853B11 /* ChineseChessDivinationApp */,
			);
		};
/* End PBXProject section */

/* Begin PBXResourcesBuildPhase section */
		D714F6562957EF3A00853B11 /* Resources */ = {
			isa = PBXResourcesBuildPhase;
			buildActionMask = 2147483647;
			files = (
				D714F6682957EF3B00853B11 /* LaunchScreen.storyboard in Resources */,
				D714F6652957EF3B00853B11 /* Assets.xcassets in Resources */,
			);
			runOnlyForDeploymentPostprocessing = 0;
		};
/* End PBXResourcesBuildPhase section */

/* Begin PBXSourcesBuildPhase section */
		D714F6542957EF3A00853B11 /* Sources */ = {
			isa = PBXSourcesBuildPhase;
			buildActionMask = 2147483647;
			files = (
				D714F6602957EF3A00853B11 /* ViewController.swift in Sources */,
				D714F65C2957EF3A00853B11 /* AppDelegate.swift in Sources */,
				D714F65E2957EF3A00853B11 /* SceneDelegate.swift in Sources */,
			);
			runOnlyForDeploymentPostprocessing = 0;
		};
/* End PBXSourcesBuildPhase section */

/* Begin PBXVariantGroup section */
		D714F6662957EF3B00853B11 /* LaunchScreen.storyboard */ = {
			isa = PBXVariantGroup;
			children = (
				D714F6672957EF3B00853B11 /* Base */,
			);
			name = LaunchScreen.storyboard;
			sourceTree = "<group>";
		};
/* End PBXVariantGroup section */

/* Begin XCBuildConfiguration section */
		D714F66A2957EF3B00853B11 /* Debug */ = {
			isa = XCBuildConfiguration;
			buildSettings = {
				ALWAYS_SEARCH_USER_PATHS = NO;
				CLANG_ANALYZER_NONNULL = YES;
				CLANG_ANALYZER_NUMBER_OBJECT_CONVERSION = YES_AGGRESSIVE;
				CLANG_CXX_LANGUAGE_STANDARD = "gnu++20";
				CLANG_ENABLE_MODULES = YES;
				CLANG_ENABLE_OBJC_ARC = YES;
				CLANG_ENABLE_OBJC_WEAK = YES;
				CLANG_WARN_BLOCK_CAPTURE_AUTORELEASING = YES;
				CLANG_WARN_BOOL_CONVERSION = YES;
				CLANG_WARN_COMMA = YES;
				CLANG_WARN_CONSTANT_CONVERSION = YES;
				CLANG_WARN_DEPRECATED_OBJC_IMPLEMENTATIONS = YES;
				CLANG_WARN_DIRECT_OBJC_ISA_USAGE = YES_ERROR;
				CLANG_WARN_DOCUMENTATION_COMMENTS = YES;
				CLANG_WARN_EMPTY_BODY = YES;
				CLANG_WARN_ENUM_CONVERSION = YES;
				CLANG_WARN_INFINITE_RECURSION = YES;
				CLANG_WARN_INT_CONVERSION = YES;
				CLANG_WARN_NON_LITERAL_NULL_CONVERSION = YES;
				CLANG_WARN_OBJC_IMPLICIT_RETAIN_SELF = YES;
				CLANG_WARN_OBJC_LITERAL_CONVERSION = YES;
				CLANG_WARN_OBJC_ROOT_CLASS = YES_ERROR;
				CLANG_WARN_QUOTED_INCLUDE_IN_FRAMEWORK_HEADER = YES;
				CLANG_WARN_RANGE_LOOP_ANALYSIS = YES;
				CLANG_WARN_STRICT_PROTOTYPES = YES;
				CLANG_WARN_SUSPICIOUS_MOVE = YES;
				CLANG_WARN_UNGUARDED_AVAILABILITY = YES_AGGRESSIVE;
				CLANG_WARN_UNREACHABLE_CODE = YES;
				CLANG_WARN__DUPLICATE_METHOD_MATCH = YES;
				COPY_PHASE_STRIP = NO;
				DEBUG_INFORMATION_FORMAT = dwarf;
				ENABLE_STRICT_OBJC_MSGSEND = YES;
				ENABLE_TESTABILITY = YES;
				GCC_C_LANGUAGE_STANDARD = gnu11;
				GCC_DYNAMIC_NO_PIC = NO;
				GCC_NO_COMMON_BLOCKS = YES;
				GCC_OPTIMIZATION_LEVEL = 0;
				GCC_PREPROCESSOR_DEFINITIONS = (
					"DEBUG=1",
					"$(inherited)",
				);
				GCC_WARN_64_TO_32_BIT_CONVERSION = YES;
				GCC_WARN_ABOUT_RETURN_TYPE = YES_ERROR;
				GCC_WARN_UNDECLARED_SELECTOR = YES;
				GCC_WARN_UNINITIALIZED_AUTOS = YES_AGGRESSIVE;
				GCC_WARN_UNUSED_FUNCTION = YES;
				GCC_WARN_UNUSED_VARIABLE = YES;
				IPHONEOS_DEPLOYMENT_TARGET = 16.0;
				MTL_ENABLE_DEBUG_INFO = INCLUDE_SOURCE;
				MTL_FAST_MATH = YES;
				ONLY_ACTIVE_ARCH = YES;
				SDKROOT = iphoneos;
				SWIFT_ACTIVE_COMPILATION_CONDITIONS = DEBUG;
				SWIFT_OPTIMIZATION_LEVEL = "-Onone";
			};
			name = Debug;
		};
		D714F66B2957EF3B00853B11 /* Release */ = {
			isa = XCBuildConfiguration;
			buildSettings = {
				ALWAYS_SEARCH_USER_PATHS = NO;
				CLANG_ANALYZER_NONNULL = YES;
				CLANG_ANALYZER_NUMBER_OBJECT_CONVERSION = YES_AGGRESSIVE;
				CLANG_CXX_LANGUAGE_STANDARD = "gnu++20";
				CLANG_ENABLE_MODULES = YES;
				CLANG_ENABLE_OBJC_ARC = YES;
				CLANG_ENABLE_OBJC_WEAK = YES;
				CLANG_WARN_BLOCK_CAPTURE_AUTORELEASING = YES;
				CLANG_WARN_BOOL_CONVERSION = YES;
				CLANG_WARN_COMMA = YES;
				CLANG_WARN_CONSTANT_CONVERSION = YES;
				CLANG_WARN_DEPRECATED_OBJC_IMPLEMENTATIONS = YES;
				CLANG_WARN_DIRECT_OBJC_ISA_USAGE = YES_ERROR;
				CLANG_WARN_DOCUMENTATION_COMMENTS = YES;
				CLANG_WARN_EMPTY_BODY = YES;
				CLANG_WARN_ENUM_CONVERSION = YES;
				CLANG_WARN_INFINITE_RECURSION = YES;
				CLANG_WARN_INT_CONVERSION = YES;
				CLANG_WARN_NON_LITERAL_NULL_CONVERSION = YES;
				CLANG_WARN_OBJC_IMPLICIT_RETAIN_SELF = YES;
				CLANG_WARN_OBJC_LITERAL_CONVERSION = YES;
				CLANG_WARN_OBJC_ROOT_CLASS = YES_ERROR;
				CLANG_WARN_QUOTED_INCLUDE_IN_FRAMEWORK_HEADER = YES;
				CLANG_WARN_RANGE_LOOP_ANALYSIS = YES;
				CLANG_WARN_STRICT_PROTOTYPES = YES;
				CLANG_WARN_SUSPICIOUS_MOVE = YES;
				CLANG_WARN_UNGUARDED_AVAILABILITY = YES_AGGRESSIVE;
				CLANG_WARN_UNREACHABLE_CODE = YES;
				CLANG_WARN__DUPLICATE_METHOD_MATCH = YES;
				COPY_PHASE_STRIP = NO;
				DEBUG_INFORMATION_FORMAT = "dwarf-with-dsym";
				ENABLE_NS_ASSERTIONS = NO;
				ENABLE_STRICT_OBJC_MSGSEND = YES;
				GCC_C_LANGUAGE_STANDARD = gnu11;
				GCC_NO_COMMON_BLOCKS = YES;
				GCC_WARN_64_TO_32_BIT_CONVERSION = YES;
				GCC_WARN_ABOUT_RETURN_TYPE = YES_ERROR;
				GCC_WARN_UNDECLARED_SELECTOR = YES;
				GCC_WARN_UNINITIALIZED_AUTOS = YES_AGGRESSIVE;
				GCC_WARN_UNUSED_FUNCTION = YES;
				GCC_WARN_UNUSED_VARIABLE = YES;
				IPHONEOS_DEPLOYMENT_TARGET = 16.0;
				MTL_ENABLE_DEBUG_INFO = NO;
				MTL_FAST_MATH = YES;
				SDKROOT = iphoneos;
				SWIFT_COMPILATION_MODE = wholemodule;
				SWIFT_OPTIMIZATION_LEVEL = "-O";
				VALIDATE_PRODUCT = YES;
			};
			name = Release;
		};
		D714F66D2957EF3B00853B11 /* Debug */ = {
			isa = XCBuildConfiguration;
			buildSettings = {
				ASSETCATALOG_COMPILER_APPICON_NAME = AppIcon;
				ASSETCATALOG_COMPILER_GLOBAL_ACCENT_COLOR_NAME = AccentColor;
				CODE_SIGN_STYLE = Automatic;
				CURRENT_PROJECT_VERSION = 1;
				DEVELOPMENT_TEAM = 34Q7A274UP;
				GENERATE_INFOPLIST_FILE = YES;
				INFOPLIST_FILE = ChineseChessDivinationApp/Info.plist;
				INFOPLIST_KEY_UIApplicationSupportsIndirectInputEvents = YES;
				INFOPLIST_KEY_UILaunchStoryboardName = LaunchScreen.storyboard;
				INFOPLIST_KEY_UISupportedInterfaceOrientations = UIInterfaceOrientationPortrait;
				LD_RUNPATH_SEARCH_PATHS = (
					"$(inherited)",
					"@executable_path/Frameworks",
				);
				MARKETING_VERSION = 1.0;
				PRODUCT_BUNDLE_IDENTIFIER = paulyswen.ChineseChessDivinationApp;
				PRODUCT_NAME = "$(TARGET_NAME)";
				SWIFT_EMIT_LOC_STRINGS = YES;
				SWIFT_VERSION = 5.0;
				TARGETED_DEVICE_FAMILY = "1,2";
			};
			name = Debug;
		};
		D714F66E2957EF3B00853B11 /* Release */ = {
			isa = XCBuildConfiguration;
			buildSettings = {
				ASSETCATALOG_COMPILER_APPICON_NAME = AppIcon;
				ASSETCATALOG_COMPILER_GLOBAL_ACCENT_COLOR_NAME = AccentColor;
				CODE_SIGN_STYLE = Automatic;
				CURRENT_PROJECT_VERSION = 1;
				DEVELOPMENT_TEAM = 34Q7A274UP;
				GENERATE_INFOPLIST_FILE = YES;
				INFOPLIST_FILE = ChineseChessDivinationApp/Info.plist;
				INFOPLIST_KEY_UIApplicationSupportsIndirectInputEvents = YES;
				INFOPLIST_KEY_UILaunchStoryboardName = LaunchScreen.storyboard;
				INFOPLIST_KEY_UISupportedInterfaceOrientations = UIInterfaceOrientationPortrait;
				LD_RUNPATH_SEARCH_PATHS = (
					"$(inherited)",
					"@executable_path/Frameworks",
				);
				MARKETING_VERSION = 1.0;
				PRODUCT_BUNDLE_IDENTIFIER = paulyswen.ChineseChessDivinationApp;
				PRODUCT_NAME = "$(TARGET_NAME)";
				SWIFT_EMIT_LOC_STRINGS = YES;
				SWIFT_VERSION = 5.0;
				TARGETED_DEVICE_FAMILY = "1,2";
			};
			name = Release;
		};
/* End XCBuildConfiguration section */

/* Begin XCConfigurationList section */
		D714F6532957EF3A00853B11 /* Build configuration list for PBXProject "ChineseChessDivinationApp" */ = {
			isa = XCConfigurationList;
			buildConfigurations = (
				D714F66A2957EF3B00853B11 /* Debug */,
				D714F66B2957EF3B00853B11 /* Release */,
			);
			defaultConfigurationIsVisible = 0;
			defaultConfigurationName = Release;
		};
		D714F66C2957EF3B00853B11 /* Build configuration list for PBXNativeTarget "ChineseChessDivinationApp" */ = {
			isa = XCConfigurationList;
			buildConfigurations = (
				D714F66D2957EF3B00853B11 /* Debug */,
				D714F66E2957EF3B00853B11 /* Release */,
			);
			defaultConfigurationIsVisible = 0;
			defaultConfigurationName = Release;
		};
/* End XCConfigurationList section */
	};
	rootObject = D714F6502957EF3A00853B11 /* Project object */;
}
